
Microsoft Visual Studio Solution File, Format Version 12.00
# Visual Studio Version 16
VisualStudioVersion = 16.0.29102.190
MinimumVisualStudioVersion = 10.0.40219.1
Project("{FAE04EC0-301F-11D3-BF4B-00C04F79EFBC}") = "BeatSync", "BeatSync\BeatSync.csproj", "{E9536F87-B2DE-423A-95A5-C1E35B1B0DD5}"
EndProject
Project("{9A19103F-16F7-4668-BE54-9A1E7A4F7556}") = "WebUtilities", "Libs\BeatSaberDataProvider\WebUtilities\WebUtilities.csproj", "{34E8F435-5C5A-4971-8D6C-173E027E17CA}"
EndProject
Project("{FAE04EC0-301F-11D3-BF4B-00C04F79EFBC}") = "BeatSyncTests", "BeatSyncTests\BeatSyncTests.csproj", "{23477327-6D58-4775-AF9B-D89E8B8BB11F}"
EndProject
Project("{9A19103F-16F7-4668-BE54-9A1E7A4F7556}") = "SongFeedReaders", "Libs\BeatSaberDataProvider\SongFeedReaders\SongFeedReaders.csproj", "{460A61BC-C89A-433D-A9E2-37447694D76C}"
EndProject
Project("{9A19103F-16F7-4668-BE54-9A1E7A4F7556}") = "BeatSaberDataProvider", "Libs\BeatSaberDataProvider\BeatSaberDataProvider\BeatSaberDataProvider.csproj", "{EB4FAB34-2596-4640-AF08-9DD5558877CE}"
EndProject
Project("{FAE04EC0-301F-11D3-BF4B-00C04F79EFBC}") = "Blister", "Libs\Blister\Blister\Blister.csproj", "{1555B0D2-112F-4501-9E65-7692E9920322}"
EndProject
Global
	GlobalSection(SolutionConfigurationPlatforms) = preSolution
		Debug|Any CPU = Debug|Any CPU
		Release|Any CPU = Release|Any CPU
	EndGlobalSection
	GlobalSection(ProjectConfigurationPlatforms) = postSolution
		{E9536F87-B2DE-423A-95A5-C1E35B1B0DD5}.Debug|Any CPU.ActiveCfg = Debug|Any CPU
		{E9536F87-B2DE-423A-95A5-C1E35B1B0DD5}.Debug|Any CPU.Build.0 = Debug|Any CPU
		{E9536F87-B2DE-423A-95A5-C1E35B1B0DD5}.Release|Any CPU.ActiveCfg = Release|Any CPU
		{E9536F87-B2DE-423A-95A5-C1E35B1B0DD5}.Release|Any CPU.Build.0 = Release|Any CPU
		{34E8F435-5C5A-4971-8D6C-173E027E17CA}.Debug|Any CPU.ActiveCfg = Debug|Any CPU
		{34E8F435-5C5A-4971-8D6C-173E027E17CA}.Debug|Any CPU.Build.0 = Debug|Any CPU
		{34E8F435-5C5A-4971-8D6C-173E027E17CA}.Release|Any CPU.ActiveCfg = Release|Any CPU
		{34E8F435-5C5A-4971-8D6C-173E027E17CA}.Release|Any CPU.Build.0 = Release|Any CPU
		{23477327-6D58-4775-AF9B-D89E8B8BB11F}.Debug|Any CPU.ActiveCfg = Debug|Any CPU
		{23477327-6D58-4775-AF9B-D89E8B8BB11F}.Debug|Any CPU.Build.0 = Debug|Any CPU
		{23477327-6D58-4775-AF9B-D89E8B8BB11F}.Release|Any CPU.ActiveCfg = Release|Any CPU
		{23477327-6D58-4775-AF9B-D89E8B8BB11F}.Release|Any CPU.Build.0 = Release|Any CPU
		{460A61BC-C89A-433D-A9E2-37447694D76C}.Debug|Any CPU.ActiveCfg = Debug|Any CPU
		{460A61BC-C89A-433D-A9E2-37447694D76C}.Debug|Any CPU.Build.0 = Debug|Any CPU
		{460A61BC-C89A-433D-A9E2-37447694D76C}.Release|Any CPU.ActiveCfg = Release|Any CPU
		{460A61BC-C89A-433D-A9E2-37447694D76C}.Release|Any CPU.Build.0 = Release|Any CPU
		{EB4FAB34-2596-4640-AF08-9DD5558877CE}.Debug|Any CPU.ActiveCfg = Debug|Any CPU
		{EB4FAB34-2596-4640-AF08-9DD5558877CE}.Debug|Any CPU.Build.0 = Debug|Any CPU
		{EB4FAB34-2596-4640-AF08-9DD5558877CE}.Release|Any CPU.ActiveCfg = Release|Any CPU
		{EB4FAB34-2596-4640-AF08-9DD5558877CE}.Release|Any CPU.Build.0 = Release|Any CPU
		{1555B0D2-112F-4501-9E65-7692E9920322}.Debug|Any CPU.ActiveCfg = Debug|Any CPU
		{1555B0D2-112F-4501-9E65-7692E9920322}.Debug|Any CPU.Build.0 = Debug|Any CPU
		{1555B0D2-112F-4501-9E65-7692E9920322}.Release|Any CPU.ActiveCfg = Release|Any CPU
		{1555B0D2-112F-4501-9E65-7692E9920322}.Release|Any CPU.Build.0 = Release|Any CPU
	EndGlobalSection
	GlobalSection(SolutionProperties) = preSolution
		HideSolutionNode = FALSE
	EndGlobalSection
	GlobalSection(ExtensibilityGlobals) = postSolution
		SolutionGuid = {8A857683-1ED3-484E-9FBD-4D57FD657627}
	EndGlobalSection
EndGlobal
