
Microsoft Visual Studio Solution File, Format Version 12.00
# Visual Studio Version 16
VisualStudioVersion = 16.0.29102.190
MinimumVisualStudioVersion = 10.0.40219.1
Project("{FAE04EC0-301F-11D3-BF4B-00C04F79EFBC}") = "BeatSync", "BeatSync\BeatSync.csproj", "{E9536F87-B2DE-423A-95A5-C1E35B1B0DD5}"
EndProject
Project("{9A19103F-16F7-4668-BE54-9A1E7A4F7556}") = "WebUtilities", "Libs\BeatSaberDataProvider\WebUtilities\WebUtilities.csproj", "{34E8F435-5C5A-4971-8D6C-173E027E17CA}"
EndProject
Project("{FAE04EC0-301F-11D3-BF4B-00C04F79EFBC}") = "BeatSyncTests", "BeatSyncTests\BeatSyncTests.csproj", "{23477327-6D58-4775-AF9B-D89E8B8BB11F}"
EndProject
Project("{9A19103F-16F7-4668-BE54-9A1E7A4F7556}") = "SongFeedReaders", "Libs\BeatSaberDataProvider\SongFeedReaders\SongFeedReaders.csproj", "{460A61BC-C89A-433D-A9E2-37447694D76C}"
EndProject
Project("{9A19103F-16F7-4668-BE54-9A1E7A4F7556}") = "BeatSaberDataProvider", "Libs\BeatSaberDataProvider\BeatSaberDataProvider\BeatSaberDataProvider.csproj", "{EB4FAB34-2596-4640-AF08-9DD5558877CE}"
EndProject
Project("{9A19103F-16F7-4668-BE54-9A1E7A4F7556}") = "BeatSyncConsole", "BeatSyncConsole\BeatSyncConsole.csproj", "{AF36D218-6A12-455D-86CC-4E7921535E34}"
EndProject
Project("{9A19103F-16F7-4668-BE54-9A1E7A4F7556}") = "BeatSyncLib", "BeatSyncLib\BeatSyncLib.csproj", "{E2A07BDB-7085-48A3-AA50-B6E0856A7CCA}"
EndProject
Project("{9A19103F-16F7-4668-BE54-9A1E7A4F7556}") = "Blister", "Libs\Blister\Blister\Blister.csproj", "{07553862-5FC4-4491-A78C-1CA0470752BC}"
EndProject
Project("{9A19103F-16F7-4668-BE54-9A1E7A4F7556}") = "Blister.Conversion", "Libs\Blister\Blister.Conversion\Blister.Conversion.csproj", "{A2680662-BAFE-4A7D-99F4-96AFA2B89F7D}"
EndProject
Project("{FAE04EC0-301F-11D3-BF4B-00C04F79EFBC}") = "BeatSyncLibTests", "BeatSyncLibTests\BeatSyncLibTests.csproj", "{8BA75F87-831D-4420-915E-D7EC5F8953D3}"
EndProject
Global
	GlobalSection(SolutionConfigurationPlatforms) = preSolution
		Debug|Any CPU = Debug|Any CPU
		Release|Any CPU = Release|Any CPU
	EndGlobalSection
	GlobalSection(ProjectConfigurationPlatforms) = postSolution
		{E9536F87-B2DE-423A-95A5-C1E35B1B0DD5}.Debug|Any CPU.ActiveCfg = Debug|Any CPU
		{E9536F87-B2DE-423A-95A5-C1E35B1B0DD5}.Debug|Any CPU.Build.0 = Debug|Any CPU
		{E9536F87-B2DE-423A-95A5-C1E35B1B0DD5}.Release|Any CPU.ActiveCfg = Release|Any CPU
		{E9536F87-B2DE-423A-95A5-C1E35B1B0DD5}.Release|Any CPU.Build.0 = Release|Any CPU
		{34E8F435-5C5A-4971-8D6C-173E027E17CA}.Debug|Any CPU.ActiveCfg = Debug|Any CPU
		{34E8F435-5C5A-4971-8D6C-173E027E17CA}.Debug|Any CPU.Build.0 = Debug|Any CPU
		{34E8F435-5C5A-4971-8D6C-173E027E17CA}.Release|Any CPU.ActiveCfg = Release|Any CPU
		{34E8F435-5C5A-4971-8D6C-173E027E17CA}.Release|Any CPU.Build.0 = Release|Any CPU
		{23477327-6D58-4775-AF9B-D89E8B8BB11F}.Debug|Any CPU.ActiveCfg = Debug|Any CPU
		{23477327-6D58-4775-AF9B-D89E8B8BB11F}.Debug|Any CPU.Build.0 = Debug|Any CPU
		{23477327-6D58-4775-AF9B-D89E8B8BB11F}.Release|Any CPU.ActiveCfg = Release|Any CPU
		{23477327-6D58-4775-AF9B-D89E8B8BB11F}.Release|Any CPU.Build.0 = Release|Any CPU
		{460A61BC-C89A-433D-A9E2-37447694D76C}.Debug|Any CPU.ActiveCfg = Debug|Any CPU
		{460A61BC-C89A-433D-A9E2-37447694D76C}.Debug|Any CPU.Build.0 = Debug|Any CPU
		{460A61BC-C89A-433D-A9E2-37447694D76C}.Release|Any CPU.ActiveCfg = Release|Any CPU
		{460A61BC-C89A-433D-A9E2-37447694D76C}.Release|Any CPU.Build.0 = Release|Any CPU
		{EB4FAB34-2596-4640-AF08-9DD5558877CE}.Debug|Any CPU.ActiveCfg = Debug|Any CPU
		{EB4FAB34-2596-4640-AF08-9DD5558877CE}.Debug|Any CPU.Build.0 = Debug|Any CPU
		{EB4FAB34-2596-4640-AF08-9DD5558877CE}.Release|Any CPU.ActiveCfg = Release|Any CPU
		{EB4FAB34-2596-4640-AF08-9DD5558877CE}.Release|Any CPU.Build.0 = Release|Any CPU
		{AF36D218-6A12-455D-86CC-4E7921535E34}.Debug|Any CPU.ActiveCfg = Debug|Any CPU
		{AF36D218-6A12-455D-86CC-4E7921535E34}.Debug|Any CPU.Build.0 = Debug|Any CPU
		{AF36D218-6A12-455D-86CC-4E7921535E34}.Release|Any CPU.ActiveCfg = Release|Any CPU
		{AF36D218-6A12-455D-86CC-4E7921535E34}.Release|Any CPU.Build.0 = Release|Any CPU
		{E2A07BDB-7085-48A3-AA50-B6E0856A7CCA}.Debug|Any CPU.ActiveCfg = Debug|Any CPU
		{E2A07BDB-7085-48A3-AA50-B6E0856A7CCA}.Debug|Any CPU.Build.0 = Debug|Any CPU
		{E2A07BDB-7085-48A3-AA50-B6E0856A7CCA}.Release|Any CPU.ActiveCfg = Release|Any CPU
		{E2A07BDB-7085-48A3-AA50-B6E0856A7CCA}.Release|Any CPU.Build.0 = Release|Any CPU
		{07553862-5FC4-4491-A78C-1CA0470752BC}.Debug|Any CPU.ActiveCfg = Debug|Any CPU
		{07553862-5FC4-4491-A78C-1CA0470752BC}.Debug|Any CPU.Build.0 = Debug|Any CPU
		{07553862-5FC4-4491-A78C-1CA0470752BC}.Release|Any CPU.ActiveCfg = Release|Any CPU
		{07553862-5FC4-4491-A78C-1CA0470752BC}.Release|Any CPU.Build.0 = Release|Any CPU
		{A2680662-BAFE-4A7D-99F4-96AFA2B89F7D}.Debug|Any CPU.ActiveCfg = Debug|Any CPU
		{A2680662-BAFE-4A7D-99F4-96AFA2B89F7D}.Debug|Any CPU.Build.0 = Debug|Any CPU
		{A2680662-BAFE-4A7D-99F4-96AFA2B89F7D}.Release|Any CPU.ActiveCfg = Release|Any CPU
		{A2680662-BAFE-4A7D-99F4-96AFA2B89F7D}.Release|Any CPU.Build.0 = Release|Any CPU
		{8BA75F87-831D-4420-915E-D7EC5F8953D3}.Debug|Any CPU.ActiveCfg = Debug|Any CPU
		{8BA75F87-831D-4420-915E-D7EC5F8953D3}.Debug|Any CPU.Build.0 = Debug|Any CPU
		{8BA75F87-831D-4420-915E-D7EC5F8953D3}.Release|Any CPU.ActiveCfg = Release|Any CPU
		{8BA75F87-831D-4420-915E-D7EC5F8953D3}.Release|Any CPU.Build.0 = Release|Any CPU
	EndGlobalSection
	GlobalSection(SolutionProperties) = preSolution
		HideSolutionNode = FALSE
	EndGlobalSection
	GlobalSection(ExtensibilityGlobals) = postSolution
		SolutionGuid = {8A857683-1ED3-484E-9FBD-4D57FD657627}
	EndGlobalSection
EndGlobal
