
Microsoft Visual Studio Solution File, Format Version 12.00
# Visual Studio Version 17
VisualStudioVersion = 17.0.31903.59
MinimumVisualStudioVersion = 10.0.40219.1
Project("{FAE04EC0-301F-11D3-BF4B-00C04F79EFBC}") = "BeatSync", "BeatSync\BeatSync.csproj", "{E9536F87-B2DE-423A-95A5-C1E35B1B0DD5}"
EndProject
Project("{FAE04EC0-301F-11D3-BF4B-00C04F79EFBC}") = "BeatSyncTests", "BeatSyncTests\BeatSyncTests.csproj", "{23477327-6D58-4775-AF9B-D89E8B8BB11F}"
EndProject
Project("{9A19103F-16F7-4668-BE54-9A1E7A4F7556}") = "BeatSyncConsole", "BeatSyncConsole\BeatSyncConsole.csproj", "{AF36D218-6A12-455D-86CC-4E7921535E34}"
EndProject
Project("{9A19103F-16F7-4668-BE54-9A1E7A4F7556}") = "BeatSyncLib", "BeatSyncLib\BeatSyncLib.csproj", "{E2A07BDB-7085-48A3-AA50-B6E0856A7CCA}"
EndProject
Project("{FAE04EC0-301F-11D3-BF4B-00C04F79EFBC}") = "BeatSyncLibTests", "BeatSyncLibTests\BeatSyncLibTests.csproj", "{8BA75F87-831D-4420-915E-D7EC5F8953D3}"
EndProject
Project("{9A19103F-16F7-4668-BE54-9A1E7A4F7556}") = "BeatSaberPlaylistsLib", "Libs\BeatSaberPlaylistsLib\BeatSaberPlaylistsLib\BeatSaberPlaylistsLib.csproj", "{E58D6EC9-193F-4328-BB11-86EC2A8AD1FA}"
EndProject
Project("{9A19103F-16F7-4668-BE54-9A1E7A4F7556}") = "BeatSyncConsoleTests", "BeatSyncConsoleTests\BeatSyncConsoleTests.csproj", "{51698714-9658-49D5-9658-9C2CEE10B772}"
EndProject
Project("{9A19103F-16F7-4668-BE54-9A1E7A4F7556}") = "SongFeedReaders", "Libs\SongFeedReaders\SongFeedReaders\SongFeedReaders.csproj", "{32CF335B-9C8F-4FA4-97C6-1E3E8B3BF7F4}"
EndProject
Project("{9A19103F-16F7-4668-BE54-9A1E7A4F7556}") = "WebUtilities", "Libs\SongFeedReaders\submodules\WebUtilities\WebUtilities\WebUtilities.csproj", "{2FB14A8C-7714-42DD-8313-14104B5C36BD}"
EndProject
Project("{9A19103F-16F7-4668-BE54-9A1E7A4F7556}") = "WebUtilities.Mock", "Libs\SongFeedReaders\submodules\WebUtilities\WebUtilities.Mock\WebUtilities.Mock.csproj", "{CEDACEFF-54EC-4AE2-80D2-1C7EADA79F33}"
EndProject
Global
	GlobalSection(SolutionConfigurationPlatforms) = preSolution
		ConsoleDebug|Any CPU = ConsoleDebug|Any CPU
		ConsoleRelease|Any CPU = ConsoleRelease|Any CPU
		Debug|Any CPU = Debug|Any CPU
		ModDebug|Any CPU = ModDebug|Any CPU
		ModRelease|Any CPU = ModRelease|Any CPU
		Release|Any CPU = Release|Any CPU
	EndGlobalSection
	GlobalSection(ProjectConfigurationPlatforms) = postSolution
		{E9536F87-B2DE-423A-95A5-C1E35B1B0DD5}.ConsoleDebug|Any CPU.ActiveCfg = Debug|Any CPU
		{E9536F87-B2DE-423A-95A5-C1E35B1B0DD5}.ConsoleRelease|Any CPU.ActiveCfg = Release|Any CPU
		{E9536F87-B2DE-423A-95A5-C1E35B1B0DD5}.Debug|Any CPU.ActiveCfg = Debug|Any CPU
		{E9536F87-B2DE-423A-95A5-C1E35B1B0DD5}.ModDebug|Any CPU.ActiveCfg = Debug|Any CPU
		{E9536F87-B2DE-423A-95A5-C1E35B1B0DD5}.ModDebug|Any CPU.Build.0 = Debug|Any CPU
		{E9536F87-B2DE-423A-95A5-C1E35B1B0DD5}.ModRelease|Any CPU.ActiveCfg = Release|Any CPU
		{E9536F87-B2DE-423A-95A5-C1E35B1B0DD5}.ModRelease|Any CPU.Build.0 = Release|Any CPU
		{E9536F87-B2DE-423A-95A5-C1E35B1B0DD5}.Release|Any CPU.ActiveCfg = Release|Any CPU
		{23477327-6D58-4775-AF9B-D89E8B8BB11F}.ConsoleDebug|Any CPU.ActiveCfg = Debug|Any CPU
		{23477327-6D58-4775-AF9B-D89E8B8BB11F}.ConsoleDebug|Any CPU.Build.0 = Debug|Any CPU
		{23477327-6D58-4775-AF9B-D89E8B8BB11F}.ConsoleRelease|Any CPU.ActiveCfg = Release|Any CPU
		{23477327-6D58-4775-AF9B-D89E8B8BB11F}.ConsoleRelease|Any CPU.Build.0 = Release|Any CPU
		{23477327-6D58-4775-AF9B-D89E8B8BB11F}.Debug|Any CPU.ActiveCfg = Debug|Any CPU
		{23477327-6D58-4775-AF9B-D89E8B8BB11F}.ModDebug|Any CPU.ActiveCfg = Debug|Any CPU
		{23477327-6D58-4775-AF9B-D89E8B8BB11F}.ModDebug|Any CPU.Build.0 = Debug|Any CPU
		{23477327-6D58-4775-AF9B-D89E8B8BB11F}.ModRelease|Any CPU.ActiveCfg = Release|Any CPU
		{23477327-6D58-4775-AF9B-D89E8B8BB11F}.ModRelease|Any CPU.Build.0 = Release|Any CPU
		{23477327-6D58-4775-AF9B-D89E8B8BB11F}.Release|Any CPU.ActiveCfg = Release|Any CPU
		{AF36D218-6A12-455D-86CC-4E7921535E34}.ConsoleDebug|Any CPU.ActiveCfg = Debug|Any CPU
		{AF36D218-6A12-455D-86CC-4E7921535E34}.ConsoleDebug|Any CPU.Build.0 = Debug|Any CPU
		{AF36D218-6A12-455D-86CC-4E7921535E34}.ConsoleRelease|Any CPU.ActiveCfg = Release|Any CPU
		{AF36D218-6A12-455D-86CC-4E7921535E34}.ConsoleRelease|Any CPU.Build.0 = Release|Any CPU
		{AF36D218-6A12-455D-86CC-4E7921535E34}.Debug|Any CPU.ActiveCfg = Debug|Any CPU
		{AF36D218-6A12-455D-86CC-4E7921535E34}.Debug|Any CPU.Build.0 = Debug|Any CPU
		{AF36D218-6A12-455D-86CC-4E7921535E34}.ModDebug|Any CPU.ActiveCfg = Debug|Any CPU
		{AF36D218-6A12-455D-86CC-4E7921535E34}.ModRelease|Any CPU.ActiveCfg = Release|Any CPU
		{AF36D218-6A12-455D-86CC-4E7921535E34}.Release|Any CPU.ActiveCfg = Release|Any CPU
		{AF36D218-6A12-455D-86CC-4E7921535E34}.Release|Any CPU.Build.0 = Release|Any CPU
		{E2A07BDB-7085-48A3-AA50-B6E0856A7CCA}.ConsoleDebug|Any CPU.ActiveCfg = Debug|Any CPU
		{E2A07BDB-7085-48A3-AA50-B6E0856A7CCA}.ConsoleDebug|Any CPU.Build.0 = Debug|Any CPU
		{E2A07BDB-7085-48A3-AA50-B6E0856A7CCA}.ConsoleRelease|Any CPU.ActiveCfg = Release|Any CPU
		{E2A07BDB-7085-48A3-AA50-B6E0856A7CCA}.ConsoleRelease|Any CPU.Build.0 = Release|Any CPU
		{E2A07BDB-7085-48A3-AA50-B6E0856A7CCA}.Debug|Any CPU.ActiveCfg = Debug|Any CPU
		{E2A07BDB-7085-48A3-AA50-B6E0856A7CCA}.Debug|Any CPU.Build.0 = Debug|Any CPU
		{E2A07BDB-7085-48A3-AA50-B6E0856A7CCA}.ModDebug|Any CPU.ActiveCfg = Release-BeatSaber|Any CPU
		{E2A07BDB-7085-48A3-AA50-B6E0856A7CCA}.ModDebug|Any CPU.Build.0 = Release-BeatSaber|Any CPU
		{E2A07BDB-7085-48A3-AA50-B6E0856A7CCA}.ModRelease|Any CPU.ActiveCfg = Release-BeatSaber|Any CPU
		{E2A07BDB-7085-48A3-AA50-B6E0856A7CCA}.ModRelease|Any CPU.Build.0 = Release-BeatSaber|Any CPU
		{E2A07BDB-7085-48A3-AA50-B6E0856A7CCA}.Release|Any CPU.ActiveCfg = Release|Any CPU
		{E2A07BDB-7085-48A3-AA50-B6E0856A7CCA}.Release|Any CPU.Build.0 = Release|Any CPU
		{8BA75F87-831D-4420-915E-D7EC5F8953D3}.ConsoleDebug|Any CPU.ActiveCfg = Debug|Any CPU
		{8BA75F87-831D-4420-915E-D7EC5F8953D3}.ConsoleDebug|Any CPU.Build.0 = Debug|Any CPU
		{8BA75F87-831D-4420-915E-D7EC5F8953D3}.ConsoleRelease|Any CPU.ActiveCfg = Release|Any CPU
		{8BA75F87-831D-4420-915E-D7EC5F8953D3}.ConsoleRelease|Any CPU.Build.0 = Release|Any CPU
		{8BA75F87-831D-4420-915E-D7EC5F8953D3}.Debug|Any CPU.ActiveCfg = Debug|Any CPU
		{8BA75F87-831D-4420-915E-D7EC5F8953D3}.Debug|Any CPU.Build.0 = Debug|Any CPU
		{8BA75F87-831D-4420-915E-D7EC5F8953D3}.ModDebug|Any CPU.ActiveCfg = Debug|Any CPU
		{8BA75F87-831D-4420-915E-D7EC5F8953D3}.ModDebug|Any CPU.Build.0 = Debug|Any CPU
		{8BA75F87-831D-4420-915E-D7EC5F8953D3}.ModRelease|Any CPU.ActiveCfg = Release|Any CPU
		{8BA75F87-831D-4420-915E-D7EC5F8953D3}.ModRelease|Any CPU.Build.0 = Release|Any CPU
		{8BA75F87-831D-4420-915E-D7EC5F8953D3}.Release|Any CPU.ActiveCfg = Release|Any CPU
		{8BA75F87-831D-4420-915E-D7EC5F8953D3}.Release|Any CPU.Build.0 = Release|Any CPU
		{E58D6EC9-193F-4328-BB11-86EC2A8AD1FA}.ConsoleDebug|Any CPU.ActiveCfg = Debug|Any CPU
		{E58D6EC9-193F-4328-BB11-86EC2A8AD1FA}.ConsoleDebug|Any CPU.Build.0 = Debug|Any CPU
		{E58D6EC9-193F-4328-BB11-86EC2A8AD1FA}.ConsoleRelease|Any CPU.ActiveCfg = Release|Any CPU
		{E58D6EC9-193F-4328-BB11-86EC2A8AD1FA}.ConsoleRelease|Any CPU.Build.0 = Release|Any CPU
		{E58D6EC9-193F-4328-BB11-86EC2A8AD1FA}.Debug|Any CPU.ActiveCfg = Debug|Any CPU
		{E58D6EC9-193F-4328-BB11-86EC2A8AD1FA}.Debug|Any CPU.Build.0 = Debug|Any CPU
		{E58D6EC9-193F-4328-BB11-86EC2A8AD1FA}.ModDebug|Any CPU.ActiveCfg = Release-BeatSaber|Any CPU
		{E58D6EC9-193F-4328-BB11-86EC2A8AD1FA}.ModDebug|Any CPU.Build.0 = Release-BeatSaber|Any CPU
		{E58D6EC9-193F-4328-BB11-86EC2A8AD1FA}.ModRelease|Any CPU.ActiveCfg = Release-BeatSaber|Any CPU
		{E58D6EC9-193F-4328-BB11-86EC2A8AD1FA}.ModRelease|Any CPU.Build.0 = Release-BeatSaber|Any CPU
		{E58D6EC9-193F-4328-BB11-86EC2A8AD1FA}.Release|Any CPU.ActiveCfg = Release|Any CPU
		{E58D6EC9-193F-4328-BB11-86EC2A8AD1FA}.Release|Any CPU.Build.0 = Release|Any CPU
		{51698714-9658-49D5-9658-9C2CEE10B772}.ConsoleDebug|Any CPU.ActiveCfg = Debug|Any CPU
		{51698714-9658-49D5-9658-9C2CEE10B772}.ConsoleDebug|Any CPU.Build.0 = Debug|Any CPU
		{51698714-9658-49D5-9658-9C2CEE10B772}.ConsoleRelease|Any CPU.ActiveCfg = Release|Any CPU
		{51698714-9658-49D5-9658-9C2CEE10B772}.ConsoleRelease|Any CPU.Build.0 = Release|Any CPU
		{51698714-9658-49D5-9658-9C2CEE10B772}.Debug|Any CPU.ActiveCfg = Debug|Any CPU
		{51698714-9658-49D5-9658-9C2CEE10B772}.Debug|Any CPU.Build.0 = Debug|Any CPU
		{51698714-9658-49D5-9658-9C2CEE10B772}.ModDebug|Any CPU.ActiveCfg = Debug|Any CPU
		{51698714-9658-49D5-9658-9C2CEE10B772}.ModDebug|Any CPU.Build.0 = Debug|Any CPU
		{51698714-9658-49D5-9658-9C2CEE10B772}.ModRelease|Any CPU.ActiveCfg = Release|Any CPU
		{51698714-9658-49D5-9658-9C2CEE10B772}.ModRelease|Any CPU.Build.0 = Release|Any CPU
		{51698714-9658-49D5-9658-9C2CEE10B772}.Release|Any CPU.ActiveCfg = Release|Any CPU
		{51698714-9658-49D5-9658-9C2CEE10B772}.Release|Any CPU.Build.0 = Release|Any CPU
		{32CF335B-9C8F-4FA4-97C6-1E3E8B3BF7F4}.ConsoleDebug|Any CPU.ActiveCfg = Debug|Any CPU
		{32CF335B-9C8F-4FA4-97C6-1E3E8B3BF7F4}.ConsoleDebug|Any CPU.Build.0 = Debug|Any CPU
		{32CF335B-9C8F-4FA4-97C6-1E3E8B3BF7F4}.ConsoleRelease|Any CPU.ActiveCfg = Release|Any CPU
		{32CF335B-9C8F-4FA4-97C6-1E3E8B3BF7F4}.ConsoleRelease|Any CPU.Build.0 = Release|Any CPU
		{32CF335B-9C8F-4FA4-97C6-1E3E8B3BF7F4}.Debug|Any CPU.ActiveCfg = Debug|Any CPU
		{32CF335B-9C8F-4FA4-97C6-1E3E8B3BF7F4}.Debug|Any CPU.Build.0 = Debug|Any CPU
		{32CF335B-9C8F-4FA4-97C6-1E3E8B3BF7F4}.ModDebug|Any CPU.ActiveCfg = Debug|Any CPU
		{32CF335B-9C8F-4FA4-97C6-1E3E8B3BF7F4}.ModDebug|Any CPU.Build.0 = Debug|Any CPU
		{32CF335B-9C8F-4FA4-97C6-1E3E8B3BF7F4}.ModRelease|Any CPU.ActiveCfg = Release|Any CPU
		{32CF335B-9C8F-4FA4-97C6-1E3E8B3BF7F4}.ModRelease|Any CPU.Build.0 = Release|Any CPU
		{32CF335B-9C8F-4FA4-97C6-1E3E8B3BF7F4}.Release|Any CPU.ActiveCfg = Release|Any CPU
		{32CF335B-9C8F-4FA4-97C6-1E3E8B3BF7F4}.Release|Any CPU.Build.0 = Release|Any CPU
		{2FB14A8C-7714-42DD-8313-14104B5C36BD}.ConsoleDebug|Any CPU.ActiveCfg = Debug|Any CPU
		{2FB14A8C-7714-42DD-8313-14104B5C36BD}.ConsoleDebug|Any CPU.Build.0 = Debug|Any CPU
		{2FB14A8C-7714-42DD-8313-14104B5C36BD}.ConsoleRelease|Any CPU.ActiveCfg = Release|Any CPU
		{2FB14A8C-7714-42DD-8313-14104B5C36BD}.ConsoleRelease|Any CPU.Build.0 = Release|Any CPU
		{2FB14A8C-7714-42DD-8313-14104B5C36BD}.Debug|Any CPU.ActiveCfg = Debug|Any CPU
		{2FB14A8C-7714-42DD-8313-14104B5C36BD}.Debug|Any CPU.Build.0 = Debug|Any CPU
		{2FB14A8C-7714-42DD-8313-14104B5C36BD}.ModDebug|Any CPU.ActiveCfg = Debug|Any CPU
		{2FB14A8C-7714-42DD-8313-14104B5C36BD}.ModDebug|Any CPU.Build.0 = Debug|Any CPU
		{2FB14A8C-7714-42DD-8313-14104B5C36BD}.ModRelease|Any CPU.ActiveCfg = Release|Any CPU
		{2FB14A8C-7714-42DD-8313-14104B5C36BD}.ModRelease|Any CPU.Build.0 = Release|Any CPU
		{2FB14A8C-7714-42DD-8313-14104B5C36BD}.Release|Any CPU.ActiveCfg = Release|Any CPU
		{2FB14A8C-7714-42DD-8313-14104B5C36BD}.Release|Any CPU.Build.0 = Release|Any CPU
		{CEDACEFF-54EC-4AE2-80D2-1C7EADA79F33}.ConsoleDebug|Any CPU.ActiveCfg = Debug|Any CPU
		{CEDACEFF-54EC-4AE2-80D2-1C7EADA79F33}.ConsoleDebug|Any CPU.Build.0 = Debug|Any CPU
		{CEDACEFF-54EC-4AE2-80D2-1C7EADA79F33}.ConsoleRelease|Any CPU.ActiveCfg = Release|Any CPU
		{CEDACEFF-54EC-4AE2-80D2-1C7EADA79F33}.ConsoleRelease|Any CPU.Build.0 = Release|Any CPU
		{CEDACEFF-54EC-4AE2-80D2-1C7EADA79F33}.Debug|Any CPU.ActiveCfg = Debug|Any CPU
		{CEDACEFF-54EC-4AE2-80D2-1C7EADA79F33}.Debug|Any CPU.Build.0 = Debug|Any CPU
		{CEDACEFF-54EC-4AE2-80D2-1C7EADA79F33}.ModDebug|Any CPU.ActiveCfg = Debug|Any CPU
		{CEDACEFF-54EC-4AE2-80D2-1C7EADA79F33}.ModDebug|Any CPU.Build.0 = Debug|Any CPU
		{CEDACEFF-54EC-4AE2-80D2-1C7EADA79F33}.ModRelease|Any CPU.ActiveCfg = Release|Any CPU
		{CEDACEFF-54EC-4AE2-80D2-1C7EADA79F33}.ModRelease|Any CPU.Build.0 = Release|Any CPU
		{CEDACEFF-54EC-4AE2-80D2-1C7EADA79F33}.Release|Any CPU.ActiveCfg = Release|Any CPU
		{CEDACEFF-54EC-4AE2-80D2-1C7EADA79F33}.Release|Any CPU.Build.0 = Release|Any CPU
	EndGlobalSection
	GlobalSection(SolutionProperties) = preSolution
		HideSolutionNode = FALSE
	EndGlobalSection
	GlobalSection(ExtensibilityGlobals) = postSolution
		SolutionGuid = {8A857683-1ED3-484E-9FBD-4D57FD657627}
	EndGlobalSection
EndGlobal
